
Microsoft Visual Studio Solution File, Format Version 12.00
# Visual Studio Version 17
VisualStudioVersion = 17.0.31903.59
MinimumVisualStudioVersion = 10.0.40219.1
Project("{2150E333-8FDC-42A3-9474-1A3956D46DE8}") = "src", "src", "{827E0CD3-B72D-47B6-A68D-7590B98EB39B}"
EndProject
Project("{FAE04EC0-301F-11D3-BF4B-00C04F79EFBC}") = "OKF4net", "src\OKF4net\OKF4net.csproj", "{11F33EF4-DC2C-4436-9AE1-F07259C7CC9E}"
EndProject
Project("{2150E333-8FDC-42A3-9474-1A3956D46DE8}") = "tests", "tests", "{0AB3BF05-4346-4AA6-1389-037BE0695223}"
EndProject
Project("{FAE04EC0-301F-11D3-BF4B-00C04F79EFBC}") = "OKF4net.Tests", "tests\OKF4net.Tests\OKF4net.Tests.csproj", "{04413BA7-43AB-439F-B2AD-D8DD6C04ADBC}"
EndProject
Project("{FAE04EC0-301F-11D3-BF4B-00C04F79EFBC}") = "OKF4net.Cli", "src\OKF4net.Cli\OKF4net.Cli.csproj", "{02A63C6B-43E9-4A77-BB46-1008CA1D1AAB}"
EndProject
Project("{FAE04EC0-301F-11D3-BF4B-00C04F79EFBC}") = "OKF4net.Agents", "src\OKF4net.Agents\OKF4net.Agents.csproj", "{FF7348AA-C4DB-4E9A-868B-B54D42663091}"
EndProject
Project("{FAE04EC0-301F-11D3-BF4B-00C04F79EFBC}") = "OKF4net.Mcp", "src\OKF4net.Mcp\OKF4net.Mcp.csproj", "{07D9D84C-779A-4EF6-914E-AE0E12513815}"
EndProject
Project("{FAE04EC0-301F-11D3-BF4B-00C04F79EFBC}") = "OKF4net.Catalog", "src\OKF4net.Catalog\OKF4net.Catalog.csproj", "{77E31249-4A2C-4B62-B548-3372247BB914}"
EndProject
Project("{FAE04EC0-301F-11D3-BF4B-00C04F79EFBC}") = "OKF4net.Catalog.Hosting", "src\OKF4net.Catalog.Hosting\OKF4net.Catalog.Hosting.csproj", "{90583ABA-FD5B-4D50-974B-CC58B02C0386}"
EndProject
Global
	GlobalSection(SolutionConfigurationPlatforms) = preSolution
		Debug|Any CPU = Debug|Any CPU
		Debug|x64 = Debug|x64
		Debug|x86 = Debug|x86
		Release|Any CPU = Release|Any CPU
		Release|x64 = Release|x64
		Release|x86 = Release|x86
	EndGlobalSection
	GlobalSection(ProjectConfigurationPlatforms) = postSolution
		{11F33EF4-DC2C-4436-9AE1-F07259C7CC9E}.Debug|Any CPU.ActiveCfg = Debug|Any CPU
		{11F33EF4-DC2C-4436-9AE1-F07259C7CC9E}.Debug|Any CPU.Build.0 = Debug|Any CPU
		{11F33EF4-DC2C-4436-9AE1-F07259C7CC9E}.Debug|x64.ActiveCfg = Debug|Any CPU
		{11F33EF4-DC2C-4436-9AE1-F07259C7CC9E}.Debug|x64.Build.0 = Debug|Any CPU
		{11F33EF4-DC2C-4436-9AE1-F07259C7CC9E}.Debug|x86.ActiveCfg = Debug|Any CPU
		{11F33EF4-DC2C-4436-9AE1-F07259C7CC9E}.Debug|x86.Build.0 = Debug|Any CPU
		{11F33EF4-DC2C-4436-9AE1-F07259C7CC9E}.Release|Any CPU.ActiveCfg = Release|Any CPU
		{11F33EF4-DC2C-4436-9AE1-F07259C7CC9E}.Release|Any CPU.Build.0 = Release|Any CPU
		{11F33EF4-DC2C-4436-9AE1-F07259C7CC9E}.Release|x64.ActiveCfg = Release|Any CPU
		{11F33EF4-DC2C-4436-9AE1-F07259C7CC9E}.Release|x64.Build.0 = Release|Any CPU
		{11F33EF4-DC2C-4436-9AE1-F07259C7CC9E}.Release|x86.ActiveCfg = Release|Any CPU
		{11F33EF4-DC2C-4436-9AE1-F07259C7CC9E}.Release|x86.Build.0 = Release|Any CPU
		{04413BA7-43AB-439F-B2AD-D8DD6C04ADBC}.Debug|Any CPU.ActiveCfg = Debug|Any CPU
		{04413BA7-43AB-439F-B2AD-D8DD6C04ADBC}.Debug|Any CPU.Build.0 = Debug|Any CPU
		{04413BA7-43AB-439F-B2AD-D8DD6C04ADBC}.Debug|x64.ActiveCfg = Debug|Any CPU
		{04413BA7-43AB-439F-B2AD-D8DD6C04ADBC}.Debug|x64.Build.0 = Debug|Any CPU
		{04413BA7-43AB-439F-B2AD-D8DD6C04ADBC}.Debug|x86.ActiveCfg = Debug|Any CPU
		{04413BA7-43AB-439F-B2AD-D8DD6C04ADBC}.Debug|x86.Build.0 = Debug|Any CPU
		{04413BA7-43AB-439F-B2AD-D8DD6C04ADBC}.Release|Any CPU.ActiveCfg = Release|Any CPU
		{04413BA7-43AB-439F-B2AD-D8DD6C04ADBC}.Release|Any CPU.Build.0 = Release|Any CPU
		{04413BA7-43AB-439F-B2AD-D8DD6C04ADBC}.Release|x64.ActiveCfg = Release|Any CPU
		{04413BA7-43AB-439F-B2AD-D8DD6C04ADBC}.Release|x64.Build.0 = Release|Any CPU
		{04413BA7-43AB-439F-B2AD-D8DD6C04ADBC}.Release|x86.ActiveCfg = Release|Any CPU
		{04413BA7-43AB-439F-B2AD-D8DD6C04ADBC}.Release|x86.Build.0 = Release|Any CPU
		{02A63C6B-43E9-4A77-BB46-1008CA1D1AAB}.Debug|Any CPU.ActiveCfg = Debug|Any CPU
		{02A63C6B-43E9-4A77-BB46-1008CA1D1AAB}.Debug|Any CPU.Build.0 = Debug|Any CPU
		{02A63C6B-43E9-4A77-BB46-1008CA1D1AAB}.Debug|x64.ActiveCfg = Debug|Any CPU
		{02A63C6B-43E9-4A77-BB46-1008CA1D1AAB}.Debug|x64.Build.0 = Debug|Any CPU
		{02A63C6B-43E9-4A77-BB46-1008CA1D1AAB}.Debug|x86.ActiveCfg = Debug|Any CPU
		{02A63C6B-43E9-4A77-BB46-1008CA1D1AAB}.Debug|x86.Build.0 = Debug|Any CPU
		{02A63C6B-43E9-4A77-BB46-1008CA1D1AAB}.Release|Any CPU.ActiveCfg = Release|Any CPU
		{02A63C6B-43E9-4A77-BB46-1008CA1D1AAB}.Release|Any CPU.Build.0 = Release|Any CPU
		{02A63C6B-43E9-4A77-BB46-1008CA1D1AAB}.Release|x64.ActiveCfg = Release|Any CPU
		{02A63C6B-43E9-4A77-BB46-1008CA1D1AAB}.Release|x64.Build.0 = Release|Any CPU
		{02A63C6B-43E9-4A77-BB46-1008CA1D1AAB}.Release|x86.ActiveCfg = Release|Any CPU
		{02A63C6B-43E9-4A77-BB46-1008CA1D1AAB}.Release|x86.Build.0 = Release|Any CPU
		{FF7348AA-C4DB-4E9A-868B-B54D42663091}.Debug|Any CPU.ActiveCfg = Debug|Any CPU
		{FF7348AA-C4DB-4E9A-868B-B54D42663091}.Debug|Any CPU.Build.0 = Debug|Any CPU
		{FF7348AA-C4DB-4E9A-868B-B54D42663091}.Debug|x64.ActiveCfg = Debug|Any CPU
		{FF7348AA-C4DB-4E9A-868B-B54D42663091}.Debug|x64.Build.0 = Debug|Any CPU
		{FF7348AA-C4DB-4E9A-868B-B54D42663091}.Debug|x86.ActiveCfg = Debug|Any CPU
		{FF7348AA-C4DB-4E9A-868B-B54D42663091}.Debug|x86.Build.0 = Debug|Any CPU
		{FF7348AA-C4DB-4E9A-868B-B54D42663091}.Release|Any CPU.ActiveCfg = Release|Any CPU
		{FF7348AA-C4DB-4E9A-868B-B54D42663091}.Release|Any CPU.Build.0 = Release|Any CPU
		{FF7348AA-C4DB-4E9A-868B-B54D42663091}.Release|x64.ActiveCfg = Release|Any CPU
		{FF7348AA-C4DB-4E9A-868B-B54D42663091}.Release|x64.Build.0 = Release|Any CPU
		{FF7348AA-C4DB-4E9A-868B-B54D42663091}.Release|x86.ActiveCfg = Release|Any CPU
		{FF7348AA-C4DB-4E9A-868B-B54D42663091}.Release|x86.Build.0 = Release|Any CPU
		{07D9D84C-779A-4EF6-914E-AE0E12513815}.Debug|Any CPU.ActiveCfg = Debug|Any CPU
		{07D9D84C-779A-4EF6-914E-AE0E12513815}.Debug|Any CPU.Build.0 = Debug|Any CPU
		{07D9D84C-779A-4EF6-914E-AE0E12513815}.Debug|x64.ActiveCfg = Debug|Any CPU
		{07D9D84C-779A-4EF6-914E-AE0E12513815}.Debug|x64.Build.0 = Debug|Any CPU
		{07D9D84C-779A-4EF6-914E-AE0E12513815}.Debug|x86.ActiveCfg = Debug|Any CPU
		{07D9D84C-779A-4EF6-914E-AE0E12513815}.Debug|x86.Build.0 = Debug|Any CPU
		{07D9D84C-779A-4EF6-914E-AE0E12513815}.Release|Any CPU.ActiveCfg = Release|Any CPU
		{07D9D84C-779A-4EF6-914E-AE0E12513815}.Release|Any CPU.Build.0 = Release|Any CPU
		{07D9D84C-779A-4EF6-914E-AE0E12513815}.Release|x64.ActiveCfg = Release|Any CPU
		{07D9D84C-779A-4EF6-914E-AE0E12513815}.Release|x64.Build.0 = Release|Any CPU
		{07D9D84C-779A-4EF6-914E-AE0E12513815}.Release|x86.ActiveCfg = Release|Any CPU
		{07D9D84C-779A-4EF6-914E-AE0E12513815}.Release|x86.Build.0 = Release|Any CPU
		{77E31249-4A2C-4B62-B548-3372247BB914}.Debug|Any CPU.ActiveCfg = Debug|Any CPU
		{77E31249-4A2C-4B62-B548-3372247BB914}.Debug|Any CPU.Build.0 = Debug|Any CPU
		{77E31249-4A2C-4B62-B548-3372247BB914}.Debug|x64.ActiveCfg = Debug|Any CPU
		{77E31249-4A2C-4B62-B548-3372247BB914}.Debug|x64.Build.0 = Debug|Any CPU
		{77E31249-4A2C-4B62-B548-3372247BB914}.Debug|x86.ActiveCfg = Debug|Any CPU
		{77E31249-4A2C-4B62-B548-3372247BB914}.Debug|x86.Build.0 = Debug|Any CPU
		{77E31249-4A2C-4B62-B548-3372247BB914}.Release|Any CPU.ActiveCfg = Release|Any CPU
		{77E31249-4A2C-4B62-B548-3372247BB914}.Release|Any CPU.Build.0 = Release|Any CPU
		{77E31249-4A2C-4B62-B548-3372247BB914}.Release|x64.ActiveCfg = Release|Any CPU
		{77E31249-4A2C-4B62-B548-3372247BB914}.Release|x64.Build.0 = Release|Any CPU
		{77E31249-4A2C-4B62-B548-3372247BB914}.Release|x86.ActiveCfg = Release|Any CPU
		{77E31249-4A2C-4B62-B548-3372247BB914}.Release|x86.Build.0 = Release|Any CPU
		{90583ABA-FD5B-4D50-974B-CC58B02C0386}.Debug|Any CPU.ActiveCfg = Debug|Any CPU
		{90583ABA-FD5B-4D50-974B-CC58B02C0386}.Debug|Any CPU.Build.0 = Debug|Any CPU
		{90583ABA-FD5B-4D50-974B-CC58B02C0386}.Debug|x64.ActiveCfg = Debug|Any CPU
		{90583ABA-FD5B-4D50-974B-CC58B02C0386}.Debug|x64.Build.0 = Debug|Any CPU
		{90583ABA-FD5B-4D50-974B-CC58B02C0386}.Debug|x86.ActiveCfg = Debug|Any CPU
		{90583ABA-FD5B-4D50-974B-CC58B02C0386}.Debug|x86.Build.0 = Debug|Any CPU
		{90583ABA-FD5B-4D50-974B-CC58B02C0386}.Release|Any CPU.ActiveCfg = Release|Any CPU
		{90583ABA-FD5B-4D50-974B-CC58B02C0386}.Release|Any CPU.Build.0 = Release|Any CPU
		{90583ABA-FD5B-4D50-974B-CC58B02C0386}.Release|x64.ActiveCfg = Release|Any CPU
		{90583ABA-FD5B-4D50-974B-CC58B02C0386}.Release|x64.Build.0 = Release|Any CPU
		{90583ABA-FD5B-4D50-974B-CC58B02C0386}.Release|x86.ActiveCfg = Release|Any CPU
		{90583ABA-FD5B-4D50-974B-CC58B02C0386}.Release|x86.Build.0 = Release|Any CPU
	EndGlobalSection
	GlobalSection(SolutionProperties) = preSolution
		HideSolutionNode = FALSE
	EndGlobalSection
	GlobalSection(NestedProjects) = preSolution
		{11F33EF4-DC2C-4436-9AE1-F07259C7CC9E} = {827E0CD3-B72D-47B6-A68D-7590B98EB39B}
		{04413BA7-43AB-439F-B2AD-D8DD6C04ADBC} = {0AB3BF05-4346-4AA6-1389-037BE0695223}
		{02A63C6B-43E9-4A77-BB46-1008CA1D1AAB} = {827E0CD3-B72D-47B6-A68D-7590B98EB39B}
		{FF7348AA-C4DB-4E9A-868B-B54D42663091} = {827E0CD3-B72D-47B6-A68D-7590B98EB39B}
		{07D9D84C-779A-4EF6-914E-AE0E12513815} = {827E0CD3-B72D-47B6-A68D-7590B98EB39B}
		{77E31249-4A2C-4B62-B548-3372247BB914} = {827E0CD3-B72D-47B6-A68D-7590B98EB39B}
		{90583ABA-FD5B-4D50-974B-CC58B02C0386} = {827E0CD3-B72D-47B6-A68D-7590B98EB39B}
	EndGlobalSection
EndGlobal
